{
  "name": "interoception-synchrony",
  "version": "1.0.0",
  "lockfileVersion": 3,
  "requires": true,
  "packages": {
    "": {
      "name": "interoception-synchrony",
      "version": "1.0.0",
      "license": "ISC",
      "dependencies": {
        "curve-interpolator": "^3.3.1"
      }
    },
    "node_modules/curve-interpolator": {
      "version": "3.3.1",
      "resolved": "https://registry.npmjs.org/curve-interpolator/-/curve-interpolator-3.3.1.tgz",
      "integrity": "sha512-Kz2LSLDupqPPKXbLUp0EJX1c+wK4OzHS0fOno8hd9G2ejR0ZhuvF3VKKeBs/zDRufzYRN2D7zfQxDsqcEr7+Jg==",
      "license": "MIT"
    }
  }
}
